
Microsoft Visual Studio Solution File, Format Version 12.00
Project("{FAE04EC0-301F-11D3-BF4B-00C04F79EFBC}") = "TrueAerospheres", "TrueAerospheres.csproj", "{4AC14146-9088-4163-B77A-349C9203B1DD}"
EndProject
Global
	GlobalSection(SolutionConfigurationPlatforms) = preSolution
		Debug|Any CPU = Debug|Any CPU
		Release|Any CPU = Release|Any CPU
	EndGlobalSection
	GlobalSection(ProjectConfigurationPlatforms) = postSolution
		{4AC14146-9088-4163-B77A-349C9203B1DD}.Debug|Any CPU.ActiveCfg = Debug|Any CPU
		{4AC14146-9088-4163-B77A-349C9203B1DD}.Debug|Any CPU.Build.0 = Debug|Any CPU
		{4AC14146-9088-4163-B77A-349C9203B1DD}.Release|Any CPU.ActiveCfg = Release|Any CPU
		{4AC14146-9088-4163-B77A-349C9203B1DD}.Release|Any CPU.Build.0 = Release|Any CPU
	EndGlobalSection
EndGlobal
